
Microsoft Visual Studio Solution File, Format Version 12.00
# Visual Studio Version 17
VisualStudioVersion = 17.1.32328.378
MinimumVisualStudioVersion = 10.0.40219.1
Project("{8BC9CEB8-8B4A-11D0-8D11-00A0C91BC942}") = "PM1-1", "PM1-1.vcxproj", "{A3B5D907-C9B5-417D-B44F-9E82F43DC568}"
EndProject
Global
	GlobalSection(SolutionConfigurationPlatforms) = preSolution
		Debug|x64 = Debug|x64
		Debug|x86 = Debug|x86
		Release|x64 = Release|x64
		Release|x86 = Release|x86
	EndGlobalSection
	GlobalSection(ProjectConfigurationPlatforms) = postSolution
		{A3B5D907-C9B5-417D-B44F-9E82F43DC568}.Debug|x64.ActiveCfg = Debug|x64
		{A3B5D907-C9B5-417D-B44F-9E82F43DC568}.Debug|x64.Build.0 = Debug|x64
		{A3B5D907-C9B5-417D-B44F-9E82F43DC568}.Debug|x86.ActiveCfg = Debug|Win32
		{A3B5D907-C9B5-417D-B44F-9E82F43DC568}.Debug|x86.Build.0 = Debug|Win32
		{A3B5D907-C9B5-417D-B44F-9E82F43DC568}.Release|x64.ActiveCfg = Release|x64
		{A3B5D907-C9B5-417D-B44F-9E82F43DC568}.Release|x64.Build.0 = Release|x64
		{A3B5D907-C9B5-417D-B44F-9E82F43DC568}.Release|x86.ActiveCfg = Release|Win32
		{A3B5D907-C9B5-417D-B44F-9E82F43DC568}.Release|x86.Build.0 = Release|Win32
	EndGlobalSection
	GlobalSection(SolutionProperties) = preSolution
		HideSolutionNode = FALSE
	EndGlobalSection
	GlobalSection(ExtensibilityGlobals) = postSolution
		SolutionGuid = {D47273FF-8D56-47AC-86A2-843515B2C98E}
	EndGlobalSection
EndGlobal
